
Microsoft Visual Studio Solution File, Format Version 12.00
# Visual Studio Version 16
VisualStudioVersion = 16.0.30406.217
MinimumVisualStudioVersion = 10.0.40219.1
Project("{8BC9CEB8-8B4A-11D0-8D11-00A0C91BC942}") = "FiveM-Spoofer", "FiveM-Spoofer.vcxproj", "{76E9311F-A3A7-4461-AE22-505F475D93AF}"
EndProject
Global
	GlobalSection(SolutionConfigurationPlatforms) = preSolution
		Debug|x64 = Debug|x64
		Debug|x86 = Debug|x86
		Release|x64 = Release|x64
		Release|x86 = Release|x86
	EndGlobalSection
	GlobalSection(ProjectConfigurationPlatforms) = postSolution
		{76E9311F-A3A7-4461-AE22-505F475D93AF}.Debug|x64.ActiveCfg = Debug|x64
		{76E9311F-A3A7-4461-AE22-505F475D93AF}.Debug|x64.Build.0 = Debug|x64
		{76E9311F-A3A7-4461-AE22-505F475D93AF}.Debug|x86.ActiveCfg = Debug|Win32
		{76E9311F-A3A7-4461-AE22-505F475D93AF}.Debug|x86.Build.0 = Debug|Win32
		{76E9311F-A3A7-4461-AE22-505F475D93AF}.Release|x64.ActiveCfg = Release|x64
		{76E9311F-A3A7-4461-AE22-505F475D93AF}.Release|x64.Build.0 = Release|x64
		{76E9311F-A3A7-4461-AE22-505F475D93AF}.Release|x86.ActiveCfg = Release|Win32
		{76E9311F-A3A7-4461-AE22-505F475D93AF}.Release|x86.Build.0 = Release|Win32
	EndGlobalSection
	GlobalSection(SolutionProperties) = preSolution
		HideSolutionNode = FALSE
	EndGlobalSection
	GlobalSection(ExtensibilityGlobals) = postSolution
		SolutionGuid = {03820FD2-22A8-469C-9B17-084DAE6D5BA3}
	EndGlobalSection
EndGlobal
